
Microsoft Visual Studio Solution File, Format Version 12.00
# Visual Studio 15
VisualStudioVersion = 15.0.28307.757
MinimumVisualStudioVersion = 10.0.40219.1
Project("{FAE04EC0-301F-11D3-BF4B-00C04F79EFBC}") = "ComPortVeri", "ComPortVeri\ComPortVeri.csproj", "{0AC18DE3-2D7D-48AE-A0A3-B9F797300AC9}"
EndProject
Global
	GlobalSection(SolutionConfigurationPlatforms) = preSolution
		Debug|Any CPU = Debug|Any CPU
		Release|Any CPU = Release|Any CPU
	EndGlobalSection
	GlobalSection(ProjectConfigurationPlatforms) = postSolution
		{0AC18DE3-2D7D-48AE-A0A3-B9F797300AC9}.Debug|Any CPU.ActiveCfg = Debug|Any CPU
		{0AC18DE3-2D7D-48AE-A0A3-B9F797300AC9}.Debug|Any CPU.Build.0 = Debug|Any CPU
		{0AC18DE3-2D7D-48AE-A0A3-B9F797300AC9}.Release|Any CPU.ActiveCfg = Release|Any CPU
		{0AC18DE3-2D7D-48AE-A0A3-B9F797300AC9}.Release|Any CPU.Build.0 = Release|Any CPU
	EndGlobalSection
	GlobalSection(SolutionProperties) = preSolution
		HideSolutionNode = FALSE
	EndGlobalSection
	GlobalSection(ExtensibilityGlobals) = postSolution
		SolutionGuid = {68C7E304-1850-4CE6-8A83-3548B25F4F16}
	EndGlobalSection
EndGlobal
